
Microsoft Visual Studio Solution File, Format Version 12.00
# Visual Studio Version 17
VisualStudioVersion = 17.0.31717.71
MinimumVisualStudioVersion = 10.0.40219.1
Project("{9A19103F-16F7-4668-BE54-9A1E7A4F7556}") = "LetsEncrypt.Dashboard", "LetsEncrypt.Dashboard.csproj", "{11C2CFA3-0635-4894-918A-295C7B72DDED}"
EndProject
Global
	GlobalSection(SolutionConfigurationPlatforms) = preSolution
		Debug|Any CPU = Debug|Any CPU
		Release|Any CPU = Release|Any CPU
	EndGlobalSection
	GlobalSection(ProjectConfigurationPlatforms) = postSolution
		{11C2CFA3-0635-4894-918A-295C7B72DDED}.Debug|Any CPU.ActiveCfg = Debug|Any CPU
		{11C2CFA3-0635-4894-918A-295C7B72DDED}.Debug|Any CPU.Build.0 = Debug|Any CPU
		{11C2CFA3-0635-4894-918A-295C7B72DDED}.Release|Any CPU.ActiveCfg = Release|Any CPU
		{11C2CFA3-0635-4894-918A-295C7B72DDED}.Release|Any CPU.Build.0 = Release|Any CPU
	EndGlobalSection
	GlobalSection(SolutionProperties) = preSolution
		HideSolutionNode = FALSE
	EndGlobalSection
	GlobalSection(ExtensibilityGlobals) = postSolution
		SolutionGuid = {D01DD75F-E8E0-4FC0-8F3F-82B8E445CDD5}
	EndGlobalSection
EndGlobal